
Microsoft Visual Studio Solution File, Format Version 12.00
# Visual Studio Version 17
VisualStudioVersion = 17.4.33213.308
MinimumVisualStudioVersion = 10.0.40219.1
Project("{FAE04EC0-301F-11D3-BF4B-00C04F79EFBC}") = "Username and Password", "Username and Password\Username and Password.csproj", "{4C34E4E6-B557-4B32-BCB7-287C63E83C58}"
EndProject
Global
	GlobalSection(SolutionConfigurationPlatforms) = preSolution
		Debug|Any CPU = Debug|Any CPU
		Release|Any CPU = Release|Any CPU
	EndGlobalSection
	GlobalSection(ProjectConfigurationPlatforms) = postSolution
		{4C34E4E6-B557-4B32-BCB7-287C63E83C58}.Debug|Any CPU.ActiveCfg = Debug|Any CPU
		{4C34E4E6-B557-4B32-BCB7-287C63E83C58}.Debug|Any CPU.Build.0 = Debug|Any CPU
		{4C34E4E6-B557-4B32-BCB7-287C63E83C58}.Release|Any CPU.ActiveCfg = Release|Any CPU
		{4C34E4E6-B557-4B32-BCB7-287C63E83C58}.Release|Any CPU.Build.0 = Release|Any CPU
	EndGlobalSection
	GlobalSection(SolutionProperties) = preSolution
		HideSolutionNode = FALSE
	EndGlobalSection
	GlobalSection(ExtensibilityGlobals) = postSolution
		SolutionGuid = {F5E5D40A-C47A-453B-8630-8E0453F2042D}
	EndGlobalSection
EndGlobal
